// !$*UTF8*$!
{
	archiveVersion = 1;
	classes = {
	};
	objectVersion = 50;
	objects = {

/* Begin PBXBuildFile section */
		8BAF13AA2637334A00BFFDAD /* AppDelegate.swift in Sources */ = {isa = PBXBuildFile; fileRef = 8BAF13A92637334A00BFFDAD /* AppDelegate.swift */; };
		8BAF13AC2637334A00BFFDAD /* SceneDelegate.swift in Sources */ = {isa = PBXBuildFile; fileRef = 8BAF13AB2637334A00BFFDAD /* SceneDelegate.swift */; };
		8BAF13AE2637334A00BFFDAD /* ViewController.swift in Sources */ = {isa = PBXBuildFile; fileRef = 8BAF13AD2637334A00BFFDAD /* ViewController.swift */; };
		8BAF13B12637334A00BFFDAD /* Main.storyboard in Resources */ = {isa = PBXBuildFile; fileRef = 8BAF13AF2637334A00BFFDAD /* Main.storyboard */; };
		8BAF13B32637334B00BFFDAD /* Assets.xcassets in Resources */ = {isa = PBXBuildFile; fileRef = 8BAF13B22637334B00BFFDAD /* Assets.xcassets */; };
		8BAF13B62637334B00BFFDAD /* LaunchScreen.storyboard in Resources */ = {isa = PBXBuildFile; fileRef = 8BAF13B42637334B00BFFDAD /* LaunchScreen.storyboard */; };
		8BAF13C12637334B00BFFDAD /* ss_5th_project_cocoapodsTests.swift in Sources */ = {isa = PBXBuildFile; fileRef = 8BAF13C02637334B00BFFDAD /* ss_5th_project_cocoapodsTests.swift */; };
		8BAF13CC2637334B00BFFDAD /* ss_5th_project_cocoapodsUITests.swift in Sources */ = {isa = PBXBuildFile; fileRef = 8BAF13CB2637334B00BFFDAD /* ss_5th_project_cocoapodsUITests.swift */; };
		8BAF13E5263738C700BFFDAD /* PodFile in Resources */ = {isa = PBXBuildFile; fileRef = 8BAF13E4263738C700BFFDAD /* PodFile */; };
/* End PBXBuildFile section */

/* Begin PBXContainerItemProxy section */
		8BAF13BD2637334B00BFFDAD /* PBXContainerItemProxy */ = {
			isa = PBXContainerItemProxy;
			containerPortal = 8BAF139E2637334A00BFFDAD /* Project object */;
			proxyType = 1;
			remoteGlobalIDString = 8BAF13A52637334A00BFFDAD;
			remoteInfo = ss_5th_project_cocoapods;
		};
		8BAF13C82637334B00BFFDAD /* PBXContainerItemProxy */ = {
			isa = PBXContainerItemProxy;
			containerPortal = 8BAF139E2637334A00BFFDAD /* Project object */;
			proxyType = 1;
			remoteGlobalIDString = 8BAF13A52637334A00BFFDAD;
			remoteInfo = ss_5th_project_cocoapods;
		};
/* End PBXContainerItemProxy section */

/* Begin PBXFileReference section */
		8BAF13A62637334A00BFFDAD /* ss_5th_project_cocoapods.app */ = {isa = PBXFileReference; explicitFileType = wrapper.application; includeInIndex = 0; path = ss_5th_project_cocoapods.app; sourceTree = BUILT_PRODUCTS_DIR; };
		8BAF13A92637334A00BFFDAD /* AppDelegate.swift */ = {isa = PBXFileReference; lastKnownFileType = sourcecode.swift; path = AppDelegate.swift; sourceTree = "<group>"; };
		8BAF13AB2637334A00BFFDAD /* SceneDelegate.swift */ = {isa = PBXFileReference; lastKnownFileType = sourcecode.swift; path = SceneDelegate.swift; sourceTree = "<group>"; };
		8BAF13AD2637334A00BFFDAD /* ViewController.swift */ = {isa = PBXFileReference; lastKnownFileType = sourcecode.swift; path = ViewController.swift; sourceTree = "<group>"; };
		8BAF13B02637334A00BFFDAD /* Base */ = {isa = PBXFileReference; lastKnownFileType = file.storyboard; name = Base; path = Base.lproj/Main.storyboard; sourceTree = "<group>"; };
		8BAF13B22637334B00BFFDAD /* Assets.xcassets */ = {isa = PBXFileReference; lastKnownFileType = folder.assetcatalog; path = Assets.xcassets; sourceTree = "<group>"; };
		8BAF13B52637334B00BFFDAD /* Base */ = {isa = PBXFileReference; lastKnownFileType = file.storyboard; name = Base; path = Base.lproj/LaunchScreen.storyboard; sourceTree = "<group>"; };
		8BAF13B72637334B00BFFDAD /* Info.plist */ = {isa = PBXFileReference; lastKnownFileType = text.plist.xml; path = Info.plist; sourceTree = "<group>"; };
		8BAF13BC2637334B00BFFDAD /* ss_5th_project_cocoapodsTests.xctest */ = {isa = PBXFileReference; explicitFileType = wrapper.cfbundle; includeInIndex = 0; path = ss_5th_project_cocoapodsTests.xctest; sourceTree = BUILT_PRODUCTS_DIR; };
		8BAF13C02637334B00BFFDAD /* ss_5th_project_cocoapodsTests.swift */ = {isa = PBXFileReference; lastKnownFileType = sourcecode.swift; path = ss_5th_project_cocoapodsTests.swift; sourceTree = "<group>"; };
		8BAF13C22637334B00BFFDAD /* Info.plist */ = {isa = PBXFileReference; lastKnownFileType = text.plist.xml; path = Info.plist; sourceTree = "<group>"; };
		8BAF13C72637334B00BFFDAD /* ss_5th_project_cocoapodsUITests.xctest */ = {isa = PBXFileReference; explicitFileType = wrapper.cfbundle; includeInIndex = 0; path = ss_5th_project_cocoapodsUITests.xctest; sourceTree = BUILT_PRODUCTS_DIR; };
		8BAF13CB2637334B00BFFDAD /* ss_5th_project_cocoapodsUITests.swift */ = {isa = PBXFileReference; lastKnownFileType = sourcecode.swift; path = ss_5th_project_cocoapodsUITests.swift; sourceTree = "<group>"; };
		8BAF13CD2637334B00BFFDAD /* Info.plist */ = {isa = PBXFileReference; lastKnownFileType = text.plist.xml; path = Info.plist; sourceTree = "<group>"; };
		8BAF13E4263738C700BFFDAD /* PodFile */ = {isa = PBXFileReference; lastKnownFileType = text; path = PodFile; sourceTree = "<group>"; };
/* End PBXFileReference section */

/* Begin PBXFrameworksBuildPhase section */
		8BAF13A32637334A00BFFDAD /* Frameworks */ = {
			isa = PBXFrameworksBuildPhase;
			buildActionMask = 2147483647;
			files = (
			);
			runOnlyForDeploymentPostprocessing = 0;
		};
		8BAF13B92637334B00BFFDAD /* Frameworks */ = {
			isa = PBXFrameworksBuildPhase;
			buildActionMask = 2147483647;
			files = (
			);
			runOnlyForDeploymentPostprocessing = 0;
		};
		8BAF13C42637334B00BFFDAD /* Frameworks */ = {
			isa = PBXFrameworksBuildPhase;
			buildActionMask = 2147483647;
			files = (
			);
			runOnlyForDeploymentPostprocessing = 0;
		};
/* End PBXFrameworksBuildPhase section */

/* Begin PBXGroup section */
		8BAF139D2637334A00BFFDAD = {
			isa = PBXGroup;
			children = (
				8BAF13E4263738C700BFFDAD /* PodFile */,
				8BAF13A82637334A00BFFDAD /* ss_5th_project_cocoapods */,
				8BAF13BF2637334B00BFFDAD /* ss_5th_project_cocoapodsTests */,
				8BAF13CA2637334B00BFFDAD /* ss_5th_project_cocoapodsUITests */,
				8BAF13A72637334A00BFFDAD /* Products */,
			);
			sourceTree = "<group>";
		};
		8BAF13A72637334A00BFFDAD /* Products */ = {
			isa = PBXGroup;
			children = (
				8BAF13A62637334A00BFFDAD /* ss_5th_project_cocoapods.app */,
				8BAF13BC2637334B00BFFDAD /* ss_5th_project_cocoapodsTests.xctest */,
				8BAF13C72637334B00BFFDAD /* ss_5th_project_cocoapodsUITests.xctest */,
			);
			name = Products;
			sourceTree = "<group>";
		};
		8BAF13A82637334A00BFFDAD /* ss_5th_project_cocoapods */ = {
			isa = PBXGroup;
			children = (
				8BAF13A92637334A00BFFDAD /* AppDelegate.swift */,
				8BAF13AB2637334A00BFFDAD /* SceneDelegate.swift */,
				8BAF13AD2637334A00BFFDAD /* ViewController.swift */,
				8BAF13AF2637334A00BFFDAD /* Main.storyboard */,
				8BAF13B22637334B00BFFDAD /* Assets.xcassets */,
				8BAF13B42637334B00BFFDAD /* LaunchScreen.storyboard */,
				8BAF13B72637334B00BFFDAD /* Info.plist */,
			);
			path = ss_5th_project_cocoapods;
			sourceTree = "<group>";
		};
		8BAF13BF2637334B00BFFDAD /* ss_5th_project_cocoapodsTests */ = {
			isa = PBXGroup;
			children = (
				8BAF13C02637334B00BFFDAD /* ss_5th_project_cocoapodsTests.swift */,
				8BAF13C22637334B00BFFDAD /* Info.plist */,
			);
			path = ss_5th_project_cocoapodsTests;
			sourceTree = "<group>";
		};
		8BAF13CA2637334B00BFFDAD /* ss_5th_project_cocoapodsUITests */ = {
			isa = PBXGroup;
			children = (
				8BAF13CB2637334B00BFFDAD /* ss_5th_project_cocoapodsUITests.swift */,
				8BAF13CD2637334B00BFFDAD /* Info.plist */,
			);
			path = ss_5th_project_cocoapodsUITests;
			sourceTree = "<group>";
		};
/* End PBXGroup section */

/* Begin PBXNativeTarget section */
		8BAF13A52637334A00BFFDAD /* ss_5th_project_cocoapods */ = {
			isa = PBXNativeTarget;
			buildConfigurationList = 8BAF13D02637334B00BFFDAD /* Build configuration list for PBXNativeTarget "ss_5th_project_cocoapods" */;
			buildPhases = (
				8BAF13A22637334A00BFFDAD /* Sources */,
				8BAF13A32637334A00BFFDAD /* Frameworks */,
				8BAF13A42637334A00BFFDAD /* Resources */,
			);
			buildRules = (
			);
			dependencies = (
			);
			name = ss_5th_project_cocoapods;
			productName = ss_5th_project_cocoapods;
			productReference = 8BAF13A62637334A00BFFDAD /* ss_5th_project_cocoapods.app */;
			productType = "com.apple.product-type.application";
		};
		8BAF13BB2637334B00BFFDAD /* ss_5th_project_cocoapodsTests */ = {
			isa = PBXNativeTarget;
			buildConfigurationList = 8BAF13D32637334B00BFFDAD /* Build configuration list for PBXNativeTarget "ss_5th_project_cocoapodsTests" */;
			buildPhases = (
				8BAF13B82637334B00BFFDAD /* Sources */,
				8BAF13B92637334B00BFFDAD /* Frameworks */,
				8BAF13BA2637334B00BFFDAD /* Resources */,
			);
			buildRules = (
			);
			dependencies = (
				8BAF13BE2637334B00BFFDAD /* PBXTargetDependency */,
			);
			name = ss_5th_project_cocoapodsTests;
			productName = ss_5th_project_cocoapodsTests;
			productReference = 8BAF13BC2637334B00BFFDAD /* ss_5th_project_cocoapodsTests.xctest */;
			productType = "com.apple.product-type.bundle.unit-test";
		};
		8BAF13C62637334B00BFFDAD /* ss_5th_project_cocoapodsUITests */ = {
			isa = PBXNativeTarget;
			buildConfigurationList = 8BAF13D62637334B00BFFDAD /* Build configuration list for PBXNativeTarget "ss_5th_project_cocoapodsUITests" */;
			buildPhases = (
				8BAF13C32637334B00BFFDAD /* Sources */,
				8BAF13C42637334B00BFFDAD /* Frameworks */,
				8BAF13C52637334B00BFFDAD /* Resources */,
			);
			buildRules = (
			);
			dependencies = (
				8BAF13C92637334B00BFFDAD /* PBXTargetDependency */,
			);
			name = ss_5th_project_cocoapodsUITests;
			productName = ss_5th_project_cocoapodsUITests;
			productReference = 8BAF13C72637334B00BFFDAD /* ss_5th_project_cocoapodsUITests.xctest */;
			productType = "com.apple.product-type.bundle.ui-testing";
		};
/* End PBXNativeTarget section */

/* Begin PBXProject section */
		8BAF139E2637334A00BFFDAD /* Project object */ = {
			isa = PBXProject;
			attributes = {
				LastSwiftUpdateCheck = 1240;
				LastUpgradeCheck = 1240;
				TargetAttributes = {
					8BAF13A52637334A00BFFDAD = {
						CreatedOnToolsVersion = 12.4;
					};
					8BAF13BB2637334B00BFFDAD = {
						CreatedOnToolsVersion = 12.4;
						TestTargetID = 8BAF13A52637334A00BFFDAD;
					};
					8BAF13C62637334B00BFFDAD = {
						CreatedOnToolsVersion = 12.4;
						TestTargetID = 8BAF13A52637334A00BFFDAD;
					};
				};
			};
			buildConfigurationList = 8BAF13A12637334A00BFFDAD /* Build configuration list for PBXProject "ss_5th_project_cocoapods" */;
			compatibilityVersion = "Xcode 9.3";
			developmentRegion = en;
			hasScannedForEncodings = 0;
			knownRegions = (
				en,
				Base,
			);
			mainGroup = 8BAF139D2637334A00BFFDAD;
			productRefGroup = 8BAF13A72637334A00BFFDAD /* Products */;
			projectDirPath = "";
			projectRoot = "";
			targets = (
				8BAF13A52637334A00BFFDAD /* ss_5th_project_cocoapods */,
				8BAF13BB2637334B00BFFDAD /* ss_5th_project_cocoapodsTests */,
				8BAF13C62637334B00BFFDAD /* ss_5th_project_cocoapodsUITests */,
			);
		};
/* End PBXProject section */

/* Begin PBXResourcesBuildPhase section */
		8BAF13A42637334A00BFFDAD /* Resources */ = {
			isa = PBXResourcesBuildPhase;
			buildActionMask = 2147483647;
			files = (
				8BAF13B62637334B00BFFDAD /* LaunchScreen.storyboard in Resources */,
				8BAF13B32637334B00BFFDAD /* Assets.xcassets in Resources */,
				8BAF13E5263738C700BFFDAD /* PodFile in Resources */,
				8BAF13B12637334A00BFFDAD /* Main.storyboard in Resources */,
			);
			runOnlyForDeploymentPostprocessing = 0;
		};
		8BAF13BA2637334B00BFFDAD /* Resources */ = {
			isa = PBXResourcesBuildPhase;
			buildActionMask = 2147483647;
			files = (
			);
			runOnlyForDeploymentPostprocessing = 0;
		};
		8BAF13C52637334B00BFFDAD /* Resources */ = {
			isa = PBXResourcesBuildPhase;
			buildActionMask = 2147483647;
			files = (
			);
			runOnlyForDeploymentPostprocessing = 0;
		};
/* End PBXResourcesBuildPhase section */

/* Begin PBXSourcesBuildPhase section */
		8BAF13A22637334A00BFFDAD /* Sources */ = {
			isa = PBXSourcesBuildPhase;
			buildActionMask = 2147483647;
			files = (
				8BAF13AE2637334A00BFFDAD /* ViewController.swift in Sources */,
				8BAF13AA2637334A00BFFDAD /* AppDelegate.swift in Sources */,
				8BAF13AC2637334A00BFFDAD /* SceneDelegate.swift in Sources */,
			);
			runOnlyForDeploymentPostprocessing = 0;
		};
		8BAF13B82637334B00BFFDAD /* Sources */ = {
			isa = PBXSourcesBuildPhase;
			buildActionMask = 2147483647;
			files = (
				8BAF13C12637334B00BFFDAD /* ss_5th_project_cocoapodsTests.swift in Sources */,
			);
			runOnlyForDeploymentPostprocessing = 0;
		};
		8BAF13C32637334B00BFFDAD /* Sources */ = {
			isa = PBXSourcesBuildPhase;
			buildActionMask = 2147483647;
			files = (
				8BAF13CC2637334B00BFFDAD /* ss_5th_project_cocoapodsUITests.swift in Sources */,
			);
			runOnlyForDeploymentPostprocessing = 0;
		};
/* End PBXSourcesBuildPhase section */

/* Begin PBXTargetDependency section */
		8BAF13BE2637334B00BFFDAD /* PBXTargetDependency */ = {
			isa = PBXTargetDependency;
			target = 8BAF13A52637334A00BFFDAD /* ss_5th_project_cocoapods */;
			targetProxy = 8BAF13BD2637334B00BFFDAD /* PBXContainerItemProxy */;
		};
		8BAF13C92637334B00BFFDAD /* PBXTargetDependency */ = {
			isa = PBXTargetDependency;
			target = 8BAF13A52637334A00BFFDAD /* ss_5th_project_cocoapods */;
			targetProxy = 8BAF13C82637334B00BFFDAD /* PBXContainerItemProxy */;
		};
/* End PBXTargetDependency section */

/* Begin PBXVariantGroup section */
		8BAF13AF2637334A00BFFDAD /* Main.storyboard */ = {
			isa = PBXVariantGroup;
			children = (
				8BAF13B02637334A00BFFDAD /* Base */,
			);
			name = Main.storyboard;
			sourceTree = "<group>";
		};
		8BAF13B42637334B00BFFDAD /* LaunchScreen.storyboard */ = {
			isa = PBXVariantGroup;
			children = (
				8BAF13B52637334B00BFFDAD /* Base */,
			);
			name = LaunchScreen.storyboard;
			sourceTree = "<group>";
		};
/* End PBXVariantGroup section */

/* Begin XCBuildConfiguration section */
		8BAF13CE2637334B00BFFDAD /* Debug */ = {
			isa = XCBuildConfiguration;
			buildSettings = {
				ALWAYS_SEARCH_USER_PATHS = NO;
				CLANG_ANALYZER_NONNULL = YES;
				CLANG_ANALYZER_NUMBER_OBJECT_CONVERSION = YES_AGGRESSIVE;
				CLANG_CXX_LANGUAGE_STANDARD = "gnu++14";
				CLANG_CXX_LIBRARY = "libc++";
				CLANG_ENABLE_MODULES = YES;
				CLANG_ENABLE_OBJC_ARC = YES;
				CLANG_ENABLE_OBJC_WEAK = YES;
				CLANG_WARN_BLOCK_CAPTURE_AUTORELEASING = YES;
				CLANG_WARN_BOOL_CONVERSION = YES;
				CLANG_WARN_COMMA = YES;
				CLANG_WARN_CONSTANT_CONVERSION = YES;
				CLANG_WARN_DEPRECATED_OBJC_IMPLEMENTATIONS = YES;
				CLANG_WARN_DIRECT_OBJC_ISA_USAGE = YES_ERROR;
				CLANG_WARN_DOCUMENTATION_COMMENTS = YES;
				CLANG_WARN_EMPTY_BODY = YES;
				CLANG_WARN_ENUM_CONVERSION = YES;
				CLANG_WARN_INFINITE_RECURSION = YES;
				CLANG_WARN_INT_CONVERSION = YES;
				CLANG_WARN_NON_LITERAL_NULL_CONVERSION = YES;
				CLANG_WARN_OBJC_IMPLICIT_RETAIN_SELF = YES;
				CLANG_WARN_OBJC_LITERAL_CONVERSION = YES;
				CLANG_WARN_OBJC_ROOT_CLASS = YES_ERROR;
				CLANG_WARN_QUOTED_INCLUDE_IN_FRAMEWORK_HEADER = YES;
				CLANG_WARN_RANGE_LOOP_ANALYSIS = YES;
				CLANG_WARN_STRICT_PROTOTYPES = YES;
				CLANG_WARN_SUSPICIOUS_MOVE = YES;
				CLANG_WARN_UNGUARDED_AVAILABILITY = YES_AGGRESSIVE;
				CLANG_WARN_UNREACHABLE_CODE = YES;
				CLANG_WARN__DUPLICATE_METHOD_MATCH = YES;
				COPY_PHASE_STRIP = NO;
				DEBUG_INFORMATION_FORMAT = dwarf;
				ENABLE_STRICT_OBJC_MSGSEND = YES;
				ENABLE_TESTABILITY = YES;
				GCC_C_LANGUAGE_STANDARD = gnu11;
				GCC_DYNAMIC_NO_PIC = NO;
				GCC_NO_COMMON_BLOCKS = YES;
				GCC_OPTIMIZATION_LEVEL = 0;
				GCC_PREPROCESSOR_DEFINITIONS = (
					"DEBUG=1",
					"$(inherited)",
				);
				GCC_WARN_64_TO_32_BIT_CONVERSION = YES;
				GCC_WARN_ABOUT_RETURN_TYPE = YES_ERROR;
				GCC_WARN_UNDECLARED_SELECTOR = YES;
				GCC_WARN_UNINITIALIZED_AUTOS = YES_AGGRESSIVE;
				GCC_WARN_UNUSED_FUNCTION = YES;
				GCC_WARN_UNUSED_VARIABLE = YES;
				IPHONEOS_DEPLOYMENT_TARGET = 14.4;
				MTL_ENABLE_DEBUG_INFO = INCLUDE_SOURCE;
				MTL_FAST_MATH = YES;
				ONLY_ACTIVE_ARCH = YES;
				SDKROOT = iphoneos;
				SWIFT_ACTIVE_COMPILATION_CONDITIONS = DEBUG;
				SWIFT_OPTIMIZATION_LEVEL = "-Onone";
			};
			name = Debug;
		};
		8BAF13CF2637334B00BFFDAD /* Release */ = {
			isa = XCBuildConfiguration;
			buildSettings = {
				ALWAYS_SEARCH_USER_PATHS = NO;
				CLANG_ANALYZER_NONNULL = YES;
				CLANG_ANALYZER_NUMBER_OBJECT_CONVERSION = YES_AGGRESSIVE;
				CLANG_CXX_LANGUAGE_STANDARD = "gnu++14";
				CLANG_CXX_LIBRARY = "libc++";
				CLANG_ENABLE_MODULES = YES;
				CLANG_ENABLE_OBJC_ARC = YES;
				CLANG_ENABLE_OBJC_WEAK = YES;
				CLANG_WARN_BLOCK_CAPTURE_AUTORELEASING = YES;
				CLANG_WARN_BOOL_CONVERSION = YES;
				CLANG_WARN_COMMA = YES;
				CLANG_WARN_CONSTANT_CONVERSION = YES;
				CLANG_WARN_DEPRECATED_OBJC_IMPLEMENTATIONS = YES;
				CLANG_WARN_DIRECT_OBJC_ISA_USAGE = YES_ERROR;
				CLANG_WARN_DOCUMENTATION_COMMENTS = YES;
				CLANG_WARN_EMPTY_BODY = YES;
				CLANG_WARN_ENUM_CONVERSION = YES;
				CLANG_WARN_INFINITE_RECURSION = YES;
				CLANG_WARN_INT_CONVERSION = YES;
				CLANG_WARN_NON_LITERAL_NULL_CONVERSION = YES;
				CLANG_WARN_OBJC_IMPLICIT_RETAIN_SELF = YES;
				CLANG_WARN_OBJC_LITERAL_CONVERSION = YES;
				CLANG_WARN_OBJC_ROOT_CLASS = YES_ERROR;
				CLANG_WARN_QUOTED_INCLUDE_IN_FRAMEWORK_HEADER = YES;
				CLANG_WARN_RANGE_LOOP_ANALYSIS = YES;
				CLANG_WARN_STRICT_PROTOTYPES = YES;
				CLANG_WARN_SUSPICIOUS_MOVE = YES;
				CLANG_WARN_UNGUARDED_AVAILABILITY = YES_AGGRESSIVE;
				CLANG_WARN_UNREACHABLE_CODE = YES;
				CLANG_WARN__DUPLICATE_METHOD_MATCH = YES;
				COPY_PHASE_STRIP = NO;
				DEBUG_INFORMATION_FORMAT = "dwarf-with-dsym";
				ENABLE_NS_ASSERTIONS = NO;
				ENABLE_STRICT_OBJC_MSGSEND = YES;
				GCC_C_LANGUAGE_STANDARD = gnu11;
				GCC_NO_COMMON_BLOCKS = YES;
				GCC_WARN_64_TO_32_BIT_CONVERSION = YES;
				GCC_WARN_ABOUT_RETURN_TYPE = YES_ERROR;
				GCC_WARN_UNDECLARED_SELECTOR = YES;
				GCC_WARN_UNINITIALIZED_AUTOS = YES_AGGRESSIVE;
				GCC_WARN_UNUSED_FUNCTION = YES;
				GCC_WARN_UNUSED_VARIABLE = YES;
				IPHONEOS_DEPLOYMENT_TARGET = 14.4;
				MTL_ENABLE_DEBUG_INFO = NO;
				MTL_FAST_MATH = YES;
				SDKROOT = iphoneos;
				SWIFT_COMPILATION_MODE = wholemodule;
				SWIFT_OPTIMIZATION_LEVEL = "-O";
				VALIDATE_PRODUCT = YES;
			};
			name = Release;
		};
		8BAF13D12637334B00BFFDAD /* Debug */ = {
			isa = XCBuildConfiguration;
			buildSettings = {
				ASSETCATALOG_COMPILER_APPICON_NAME = AppIcon;
				ASSETCATALOG_COMPILER_GLOBAL_ACCENT_COLOR_NAME = AccentColor;
				CODE_SIGN_STYLE = Automatic;
				INFOPLIST_FILE = ss_5th_project_cocoapods/Info.plist;
				LD_RUNPATH_SEARCH_PATHS = (
					"$(inherited)",
					"@executable_path/Frameworks",
				);
				PRODUCT_BUNDLE_IDENTIFIER = "minsu.ss-5th-project-cocoapods";
				PRODUCT_NAME = "$(TARGET_NAME)";
				SWIFT_VERSION = 5.0;
				TARGETED_DEVICE_FAMILY = "1,2";
			};
			name = Debug;
		};
		8BAF13D22637334B00BFFDAD /* Release */ = {
			isa = XCBuildConfiguration;
			buildSettings = {
				ASSETCATALOG_COMPILER_APPICON_NAME = AppIcon;
				ASSETCATALOG_COMPILER_GLOBAL_ACCENT_COLOR_NAME = AccentColor;
				CODE_SIGN_STYLE = Automatic;
				INFOPLIST_FILE = ss_5th_project_cocoapods/Info.plist;
				LD_RUNPATH_SEARCH_PATHS = (
					"$(inherited)",
					"@executable_path/Frameworks",
				);
				PRODUCT_BUNDLE_IDENTIFIER = "minsu.ss-5th-project-cocoapods";
				PRODUCT_NAME = "$(TARGET_NAME)";
				SWIFT_VERSION = 5.0;
				TARGETED_DEVICE_FAMILY = "1,2";
			};
			name = Release;
		};
		8BAF13D42637334B00BFFDAD /* Debug */ = {
			isa = XCBuildConfiguration;
			buildSettings = {
				ALWAYS_EMBED_SWIFT_STANDARD_LIBRARIES = YES;
				BUNDLE_LOADER = "$(TEST_HOST)";
				CODE_SIGN_STYLE = Automatic;
				INFOPLIST_FILE = ss_5th_project_cocoapodsTests/Info.plist;
				IPHONEOS_DEPLOYMENT_TARGET = 14.4;
				LD_RUNPATH_SEARCH_PATHS = (
					"$(inherited)",
					"@executable_path/Frameworks",
					"@loader_path/Frameworks",
				);
				PRODUCT_BUNDLE_IDENTIFIER = "minsu.ss-5th-project-cocoapodsTests";
				PRODUCT_NAME = "$(TARGET_NAME)";
				SWIFT_VERSION = 5.0;
				TARGETED_DEVICE_FAMILY = "1,2";
				TEST_HOST = "$(BUILT_PRODUCTS_DIR)/ss_5th_project_cocoapods.app/ss_5th_project_cocoapods";
			};
			name = Debug;
		};
		8BAF13D52637334B00BFFDAD /* Release */ = {
			isa = XCBuildConfiguration;
			buildSettings = {
				ALWAYS_EMBED_SWIFT_STANDARD_LIBRARIES = YES;
				BUNDLE_LOADER = "$(TEST_HOST)";
				CODE_SIGN_STYLE = Automatic;
				INFOPLIST_FILE = ss_5th_project_cocoapodsTests/Info.plist;
				IPHONEOS_DEPLOYMENT_TARGET = 14.4;
				LD_RUNPATH_SEARCH_PATHS = (
					"$(inherited)",
					"@executable_path/Frameworks",
					"@loader_path/Frameworks",
				);
				PRODUCT_BUNDLE_IDENTIFIER = "minsu.ss-5th-project-cocoapodsTests";
				PRODUCT_NAME = "$(TARGET_NAME)";
				SWIFT_VERSION = 5.0;
				TARGETED_DEVICE_FAMILY = "1,2";
				TEST_HOST = "$(BUILT_PRODUCTS_DIR)/ss_5th_project_cocoapods.app/ss_5th_project_cocoapods";
			};
			name = Release;
		};
		8BAF13D72637334B00BFFDAD /* Debug */ = {
			isa = XCBuildConfiguration;
			buildSettings = {
				ALWAYS_EMBED_SWIFT_STANDARD_LIBRARIES = YES;
				CODE_SIGN_STYLE = Automatic;
				INFOPLIST_FILE = ss_5th_project_cocoapodsUITests/Info.plist;
				LD_RUNPATH_SEARCH_PATHS = (
					"$(inherited)",
					"@executable_path/Frameworks",
					"@loader_path/Frameworks",
				);
				PRODUCT_BUNDLE_IDENTIFIER = "minsu.ss-5th-project-cocoapodsUITests";
				PRODUCT_NAME = "$(TARGET_NAME)";
				SWIFT_VERSION = 5.0;
				TARGETED_DEVICE_FAMILY = "1,2";
				TEST_TARGET_NAME = ss_5th_project_cocoapods;
			};
			name = Debug;
		};
		8BAF13D82637334B00BFFDAD /* Release */ = {
			isa = XCBuildConfiguration;
			buildSettings = {
				ALWAYS_EMBED_SWIFT_STANDARD_LIBRARIES = YES;
				CODE_SIGN_STYLE = Automatic;
				INFOPLIST_FILE = ss_5th_project_cocoapodsUITests/Info.plist;
				LD_RUNPATH_SEARCH_PATHS = (
					"$(inherited)",
					"@executable_path/Frameworks",
					"@loader_path/Frameworks",
				);
				PRODUCT_BUNDLE_IDENTIFIER = "minsu.ss-5th-project-cocoapodsUITests";
				PRODUCT_NAME = "$(TARGET_NAME)";
				SWIFT_VERSION = 5.0;
				TARGETED_DEVICE_FAMILY = "1,2";
				TEST_TARGET_NAME = ss_5th_project_cocoapods;
			};
			name = Release;
		};
/* End XCBuildConfiguration section */

/* Begin XCConfigurationList section */
		8BAF13A12637334A00BFFDAD /* Build configuration list for PBXProject "ss_5th_project_cocoapods" */ = {
			isa = XCConfigurationList;
			buildConfigurations = (
				8BAF13CE2637334B00BFFDAD /* Debug */,
				8BAF13CF2637334B00BFFDAD /* Release */,
			);
			defaultConfigurationIsVisible = 0;
			defaultConfigurationName = Release;
		};
		8BAF13D02637334B00BFFDAD /* Build configuration list for PBXNativeTarget "ss_5th_project_cocoapods" */ = {
			isa = XCConfigurationList;
			buildConfigurations = (
				8BAF13D12637334B00BFFDAD /* Debug */,
				8BAF13D22637334B00BFFDAD /* Release */,
			);
			defaultConfigurationIsVisible = 0;
			defaultConfigurationName = Release;
		};
		8BAF13D32637334B00BFFDAD /* Build configuration list for PBXNativeTarget "ss_5th_project_cocoapodsTests" */ = {
			isa = XCConfigurationList;
			buildConfigurations = (
				8BAF13D42637334B00BFFDAD /* Debug */,
				8BAF13D52637334B00BFFDAD /* Release */,
			);
			defaultConfigurationIsVisible = 0;
			defaultConfigurationName = Release;
		};
		8BAF13D62637334B00BFFDAD /* Build configuration list for PBXNativeTarget "ss_5th_project_cocoapodsUITests" */ = {
			isa = XCConfigurationList;
			buildConfigurations = (
				8BAF13D72637334B00BFFDAD /* Debug */,
				8BAF13D82637334B00BFFDAD /* Release */,
			);
			defaultConfigurationIsVisible = 0;
			defaultConfigurationName = Release;
		};
/* End XCConfigurationList section */
	};
	rootObject = 8BAF139E2637334A00BFFDAD /* Project object */;
}
